// !$*UTF8*$!
{
	archiveVersion = 1;
	classes = {
	};
	objectVersion = 55;
	objects = {

/* Begin PBXBuildFile section */
		7290E11C28FC38BD005D3275 /* main.cpp in Sources */ = {isa = PBXBuildFile; fileRef = 7290E11A28FC38BD005D3275 /* main.cpp */; };
/* End PBXBuildFile section */

/* Begin PBXCopyFilesBuildPhase section */
		72BED12A28DAB46400683910 /* CopyFiles */ = {
			isa = PBXCopyFilesBuildPhase;
			buildActionMask = 2147483647;
			dstPath = /usr/share/man/man1/;
			dstSubfolderSpec = 0;
			files = (
			);
			runOnlyForDeploymentPostprocessing = 1;
		};
/* End PBXCopyFilesBuildPhase section */

/* Begin PBXFileReference section */
		68678CAA8EE948FF7A48BDFE /* ManagedArray.h */ = {isa = PBXFileReference; fileEncoding = 4; lastKnownFileType = sourcecode.c.h; path = ManagedArray.h; sourceTree = "<group>"; };
		7290E0EF28FC38BD005D3275 /* Type.h */ = {isa = PBXFileReference; fileEncoding = 4; lastKnownFileType = sourcecode.c.h; path = Type.h; sourceTree = "<group>"; };
		7290E0F028FC38BD005D3275 /* Shared.h */ = {isa = PBXFileReference; fileEncoding = 4; lastKnownFileType = sourcecode.c.h; path = Shared.h; sourceTree = "<group>"; };
		7290E0F128FC38BD005D3275 /* Map.h */ = {isa = PBXFileReference; fileEncoding = 4; lastKnownFileType = sourcecode.c.h; path = Map.h; sourceTree = "<group>"; };
		7290E10828FC38BD005D3275 /* CoreMacros.h */ = {isa = PBXFileReference; fileEncoding = 4; lastKnownFileType = sourcecode.c.h; path = CoreMacros.h; sourceTree = "<group>"; };
		7290E10928FC38BD005D3275 /* Exceptions.h */ = {isa = PBXFileReference; fileEncoding = 4; lastKnownFileType = sourcecode.c.h; path = Exceptions.h; sourceTree = "<group>"; };
		7290E10B28FC38BD005D3275 /* MutableArray.h */ = {isa = PBXFileReference; fileEncoding = 4; lastKnownFileType = sourcecode.c.h; path = MutableArray.h; sourceTree = "<group>"; };
		7290E10F28FC38BD005D3275 /* Allocator.inl */ = {isa = PBXFileReference; fileEncoding = 4; lastKnownFileType = text; path = Allocator.inl; sourceTree = "<group>"; };
		7290E11028FC38BD005D3275 /* Type.inl */ = {isa = PBXFileReference; fileEncoding = 4; lastKnownFileType = text; path = Type.inl; sourceTree = "<group>"; };
		7290E11128FC38BD005D3275 /* MutableArray.inl */ = {isa = PBXFileReference; fileEncoding = 4; lastKnownFileType = text; path = MutableArray.inl; sourceTree = "<group>"; };
		7290E11228FC38BD005D3275 /* AllocationObserver.inl */ = {isa = PBXFileReference; fileEncoding = 4; lastKnownFileType = text; path = AllocationObserver.inl; sourceTree = "<group>"; };
		7290E11328FC38BD005D3275 /* Shared.inl */ = {isa = PBXFileReference; fileEncoding = 4; lastKnownFileType = text; path = Shared.inl; sourceTree = "<group>"; };
		7290E11428FC38BD005D3275 /* ImmutableArray.inl */ = {isa = PBXFileReference; fileEncoding = 4; lastKnownFileType = text; path = ImmutableArray.inl; sourceTree = "<group>"; };
		7290E11528FC38BD005D3275 /* String.inl */ = {isa = PBXFileReference; fileEncoding = 4; lastKnownFileType = text; path = String.inl; sourceTree = "<group>"; };
		7290E11628FC38BD005D3275 /* Allocator.h */ = {isa = PBXFileReference; fileEncoding = 4; lastKnownFileType = sourcecode.c.h; path = Allocator.h; sourceTree = "<group>"; };
		7290E11728FC38BD005D3275 /* StaticArray.h */ = {isa = PBXFileReference; fileEncoding = 4; lastKnownFileType = sourcecode.c.h; path = StaticArray.h; sourceTree = "<group>"; };
		7290E11828FC38BD005D3275 /* ImmutableArray.h */ = {isa = PBXFileReference; fileEncoding = 4; lastKnownFileType = sourcecode.c.h; path = ImmutableArray.h; sourceTree = "<group>"; };
		7290E11928FC38BD005D3275 /* AllocationObserver.h */ = {isa = PBXFileReference; fileEncoding = 4; lastKnownFileType = sourcecode.c.h; path = AllocationObserver.h; sourceTree = "<group>"; };
		7290E11A28FC38BD005D3275 /* main.cpp */ = {isa = PBXFileReference; fileEncoding = 4; lastKnownFileType = sourcecode.cpp.cpp; path = main.cpp; sourceTree = "<group>"; };
		7290E11B28FC38BD005D3275 /* String.h */ = {isa = PBXFileReference; fileEncoding = 4; lastKnownFileType = sourcecode.c.h; path = String.h; sourceTree = "<group>"; };
		72BED12C28DAB46400683910 /* TinyCore */ = {isa = PBXFileReference; explicitFileType = "compiled.mach-o.executable"; includeInIndex = 0; path = TinyCore; sourceTree = BUILT_PRODUCTS_DIR; };
		72EB801828FCD51B0094E262 /* Unique.h */ = {isa = PBXFileReference; lastKnownFileType = sourcecode.c.h; path = Unique.h; sourceTree = "<group>"; };
		72EB801928FCD7EF0094E262 /* Unique.inl */ = {isa = PBXFileReference; lastKnownFileType = text; path = Unique.inl; sourceTree = "<group>"; };
/* End PBXFileReference section */

/* Begin PBXFrameworksBuildPhase section */
		72BED12928DAB46400683910 /* Frameworks */ = {
			isa = PBXFrameworksBuildPhase;
			buildActionMask = 2147483647;
			files = (
			);
			runOnlyForDeploymentPostprocessing = 0;
		};
/* End PBXFrameworksBuildPhase section */

/* Begin PBXGroup section */
		7290E0EE28FC38BD005D3275 /* TinyCore */ = {
			isa = PBXGroup;
			children = (
				7290E10E28FC38BD005D3275 /* Inline */,
				7290E0EF28FC38BD005D3275 /* Type.h */,
				7290E0F028FC38BD005D3275 /* Shared.h */,
				7290E0F128FC38BD005D3275 /* Map.h */,
				7290E10828FC38BD005D3275 /* CoreMacros.h */,
				7290E10928FC38BD005D3275 /* Exceptions.h */,
				7290E10B28FC38BD005D3275 /* MutableArray.h */,
				7290E11628FC38BD005D3275 /* Allocator.h */,
				7290E11728FC38BD005D3275 /* StaticArray.h */,
				7290E11828FC38BD005D3275 /* ImmutableArray.h */,
				7290E11928FC38BD005D3275 /* AllocationObserver.h */,
				7290E11B28FC38BD005D3275 /* String.h */,
				7290E11A28FC38BD005D3275 /* main.cpp */,
				72EB801828FCD51B0094E262 /* Unique.h */,
				68678CAA8EE948FF7A48BDFE /* ManagedArray.h */,
			);
			path = TinyCore;
			sourceTree = "<group>";
		};
		7290E10E28FC38BD005D3275 /* Inline */ = {
			isa = PBXGroup;
			children = (
				7290E10F28FC38BD005D3275 /* Allocator.inl */,
				7290E11028FC38BD005D3275 /* Type.inl */,
				7290E11128FC38BD005D3275 /* MutableArray.inl */,
				7290E11228FC38BD005D3275 /* AllocationObserver.inl */,
				7290E11328FC38BD005D3275 /* Shared.inl */,
				7290E11428FC38BD005D3275 /* ImmutableArray.inl */,
				7290E11528FC38BD005D3275 /* String.inl */,
				72EB801928FCD7EF0094E262 /* Unique.inl */,
			);
			path = Inline;
			sourceTree = "<group>";
		};
		72BED12328DAB46400683910 = {
			isa = PBXGroup;
			children = (
				7290E0EE28FC38BD005D3275 /* TinyCore */,
				72BED12D28DAB46400683910 /* Products */,
			);
			sourceTree = "<group>";
		};
		72BED12D28DAB46400683910 /* Products */ = {
			isa = PBXGroup;
			children = (
				72BED12C28DAB46400683910 /* TinyCore */,
			);
			name = Products;
			sourceTree = "<group>";
		};
/* End PBXGroup section */

/* Begin PBXNativeTarget section */
		72BED12B28DAB46400683910 /* TinyCore */ = {
			isa = PBXNativeTarget;
			buildConfigurationList = 72BED13328DAB46400683910 /* Build configuration list for PBXNativeTarget "TinyCore" */;
			buildPhases = (
				72BED12828DAB46400683910 /* Sources */,
				72BED12928DAB46400683910 /* Frameworks */,
				72BED12A28DAB46400683910 /* CopyFiles */,
			);
			buildRules = (
			);
			dependencies = (
			);
			name = TinyCore;
			productName = TinyCore;
			productReference = 72BED12C28DAB46400683910 /* TinyCore */;
			productType = "com.apple.product-type.tool";
		};
/* End PBXNativeTarget section */

/* Begin PBXProject section */
		72BED12428DAB46400683910 /* Project object */ = {
			isa = PBXProject;
			attributes = {
				BuildIndependentTargetsInParallel = 1;
				LastUpgradeCheck = 1320;
				TargetAttributes = {
					72BED12B28DAB46400683910 = {
						CreatedOnToolsVersion = 13.2.1;
					};
				};
			};
			buildConfigurationList = 72BED12728DAB46400683910 /* Build configuration list for PBXProject "TinyCore" */;
			compatibilityVersion = "Xcode 13.0";
			developmentRegion = en;
			hasScannedForEncodings = 0;
			knownRegions = (
				en,
				Base,
			);
			mainGroup = 72BED12328DAB46400683910;
			productRefGroup = 72BED12D28DAB46400683910 /* Products */;
			projectDirPath = "";
			projectRoot = "";
			targets = (
				72BED12B28DAB46400683910 /* TinyCore */,
			);
		};
/* End PBXProject section */

/* Begin PBXSourcesBuildPhase section */
		72BED12828DAB46400683910 /* Sources */ = {
			isa = PBXSourcesBuildPhase;
			buildActionMask = 2147483647;
			files = (
				7290E11C28FC38BD005D3275 /* main.cpp in Sources */,
			);
			runOnlyForDeploymentPostprocessing = 0;
		};
/* End PBXSourcesBuildPhase section */

/* Begin XCBuildConfiguration section */
		72BED13128DAB46400683910 /* Debug */ = {
			isa = XCBuildConfiguration;
			buildSettings = {
				ALWAYS_SEARCH_USER_PATHS = NO;
				CLANG_ANALYZER_NONNULL = YES;
				CLANG_ANALYZER_NUMBER_OBJECT_CONVERSION = YES_AGGRESSIVE;
				CLANG_CXX_LANGUAGE_STANDARD = "gnu++17";
				CLANG_CXX_LIBRARY = "libc++";
				CLANG_ENABLE_MODULES = YES;
				CLANG_ENABLE_OBJC_ARC = YES;
				CLANG_ENABLE_OBJC_WEAK = YES;
				CLANG_WARN_BLOCK_CAPTURE_AUTORELEASING = YES;
				CLANG_WARN_BOOL_CONVERSION = YES;
				CLANG_WARN_COMMA = YES;
				CLANG_WARN_CONSTANT_CONVERSION = YES;
				CLANG_WARN_DEPRECATED_OBJC_IMPLEMENTATIONS = YES;
				CLANG_WARN_DIRECT_OBJC_ISA_USAGE = YES_ERROR;
				CLANG_WARN_DOCUMENTATION_COMMENTS = YES;
				CLANG_WARN_EMPTY_BODY = YES;
				CLANG_WARN_ENUM_CONVERSION = YES;
				CLANG_WARN_INFINITE_RECURSION = YES;
				CLANG_WARN_INT_CONVERSION = YES;
				CLANG_WARN_NON_LITERAL_NULL_CONVERSION = YES;
				CLANG_WARN_OBJC_IMPLICIT_RETAIN_SELF = YES;
				CLANG_WARN_OBJC_LITERAL_CONVERSION = YES;
				CLANG_WARN_OBJC_ROOT_CLASS = YES_ERROR;
				CLANG_WARN_QUOTED_INCLUDE_IN_FRAMEWORK_HEADER = YES;
				CLANG_WARN_RANGE_LOOP_ANALYSIS = YES;
				CLANG_WARN_STRICT_PROTOTYPES = YES;
				CLANG_WARN_SUSPICIOUS_MOVE = YES;
				CLANG_WARN_UNGUARDED_AVAILABILITY = YES_AGGRESSIVE;
				CLANG_WARN_UNREACHABLE_CODE = YES;
				CLANG_WARN__DUPLICATE_METHOD_MATCH = YES;
				COPY_PHASE_STRIP = NO;
				DEBUG_INFORMATION_FORMAT = dwarf;
				ENABLE_STRICT_OBJC_MSGSEND = YES;
				ENABLE_TESTABILITY = YES;
				GCC_C_LANGUAGE_STANDARD = gnu11;
				GCC_DYNAMIC_NO_PIC = NO;
				GCC_NO_COMMON_BLOCKS = YES;
				GCC_OPTIMIZATION_LEVEL = 0;
				GCC_PREPROCESSOR_DEFINITIONS = (
					"DEBUG=1",
					"$(inherited)",
				);
				GCC_WARN_64_TO_32_BIT_CONVERSION = YES;
				GCC_WARN_ABOUT_RETURN_TYPE = YES_ERROR;
				GCC_WARN_UNDECLARED_SELECTOR = YES;
				GCC_WARN_UNINITIALIZED_AUTOS = YES_AGGRESSIVE;
				GCC_WARN_UNUSED_FUNCTION = YES;
				GCC_WARN_UNUSED_VARIABLE = YES;
				MACOSX_DEPLOYMENT_TARGET = 12.1;
				MTL_ENABLE_DEBUG_INFO = INCLUDE_SOURCE;
				MTL_FAST_MATH = YES;
				ONLY_ACTIVE_ARCH = YES;
				SDKROOT = macosx;
			};
			name = Debug;
		};
		72BED13228DAB46400683910 /* Release */ = {
			isa = XCBuildConfiguration;
			buildSettings = {
				ALWAYS_SEARCH_USER_PATHS = NO;
				CLANG_ANALYZER_NONNULL = YES;
				CLANG_ANALYZER_NUMBER_OBJECT_CONVERSION = YES_AGGRESSIVE;
				CLANG_CXX_LANGUAGE_STANDARD = "gnu++17";
				CLANG_CXX_LIBRARY = "libc++";
				CLANG_ENABLE_MODULES = YES;
				CLANG_ENABLE_OBJC_ARC = YES;
				CLANG_ENABLE_OBJC_WEAK = YES;
				CLANG_WARN_BLOCK_CAPTURE_AUTORELEASING = YES;
				CLANG_WARN_BOOL_CONVERSION = YES;
				CLANG_WARN_COMMA = YES;
				CLANG_WARN_CONSTANT_CONVERSION = YES;
				CLANG_WARN_DEPRECATED_OBJC_IMPLEMENTATIONS = YES;
				CLANG_WARN_DIRECT_OBJC_ISA_USAGE = YES_ERROR;
				CLANG_WARN_DOCUMENTATION_COMMENTS = YES;
				CLANG_WARN_EMPTY_BODY = YES;
				CLANG_WARN_ENUM_CONVERSION = YES;
				CLANG_WARN_INFINITE_RECURSION = YES;
				CLANG_WARN_INT_CONVERSION = YES;
				CLANG_WARN_NON_LITERAL_NULL_CONVERSION = YES;
				CLANG_WARN_OBJC_IMPLICIT_RETAIN_SELF = YES;
				CLANG_WARN_OBJC_LITERAL_CONVERSION = YES;
				CLANG_WARN_OBJC_ROOT_CLASS = YES_ERROR;
				CLANG_WARN_QUOTED_INCLUDE_IN_FRAMEWORK_HEADER = YES;
				CLANG_WARN_RANGE_LOOP_ANALYSIS = YES;
				CLANG_WARN_STRICT_PROTOTYPES = YES;
				CLANG_WARN_SUSPICIOUS_MOVE = YES;
				CLANG_WARN_UNGUARDED_AVAILABILITY = YES_AGGRESSIVE;
				CLANG_WARN_UNREACHABLE_CODE = YES;
				CLANG_WARN__DUPLICATE_METHOD_MATCH = YES;
				COPY_PHASE_STRIP = NO;
				DEBUG_INFORMATION_FORMAT = "dwarf-with-dsym";
				ENABLE_NS_ASSERTIONS = NO;
				ENABLE_STRICT_OBJC_MSGSEND = YES;
				GCC_C_LANGUAGE_STANDARD = gnu11;
				GCC_NO_COMMON_BLOCKS = YES;
				GCC_WARN_64_TO_32_BIT_CONVERSION = YES;
				GCC_WARN_ABOUT_RETURN_TYPE = YES_ERROR;
				GCC_WARN_UNDECLARED_SELECTOR = YES;
				GCC_WARN_UNINITIALIZED_AUTOS = YES_AGGRESSIVE;
				GCC_WARN_UNUSED_FUNCTION = YES;
				GCC_WARN_UNUSED_VARIABLE = YES;
				MACOSX_DEPLOYMENT_TARGET = 12.1;
				MTL_ENABLE_DEBUG_INFO = NO;
				MTL_FAST_MATH = YES;
				SDKROOT = macosx;
			};
			name = Release;
		};
		72BED13428DAB46400683910 /* Debug */ = {
			isa = XCBuildConfiguration;
			buildSettings = {
				CODE_SIGN_STYLE = Automatic;
				DEVELOPMENT_TEAM = P6N3SJB864;
				ENABLE_HARDENED_RUNTIME = YES;
				PRODUCT_NAME = "$(TARGET_NAME)";
			};
			name = Debug;
		};
		72BED13528DAB46400683910 /* Release */ = {
			isa = XCBuildConfiguration;
			buildSettings = {
				CODE_SIGN_STYLE = Automatic;
				DEVELOPMENT_TEAM = P6N3SJB864;
				ENABLE_HARDENED_RUNTIME = YES;
				PRODUCT_NAME = "$(TARGET_NAME)";
			};
			name = Release;
		};
/* End XCBuildConfiguration section */

/* Begin XCConfigurationList section */
		72BED12728DAB46400683910 /* Build configuration list for PBXProject "TinyCore" */ = {
			isa = XCConfigurationList;
			buildConfigurations = (
				72BED13128DAB46400683910 /* Debug */,
				72BED13228DAB46400683910 /* Release */,
			);
			defaultConfigurationIsVisible = 0;
			defaultConfigurationName = Release;
		};
		72BED13328DAB46400683910 /* Build configuration list for PBXNativeTarget "TinyCore" */ = {
			isa = XCConfigurationList;
			buildConfigurations = (
				72BED13428DAB46400683910 /* Debug */,
				72BED13528DAB46400683910 /* Release */,
			);
			defaultConfigurationIsVisible = 0;
			defaultConfigurationName = Release;
		};
/* End XCConfigurationList section */
	};
	rootObject = 72BED12428DAB46400683910 /* Project object */;
}
